
Microsoft Visual Studio Solution File, Format Version 12.00
Project("{FAE04EC0-301F-11D3-BF4B-00C04F79EFBC}") = "RabbitMQProducer", "RabbitMQProducer\RabbitMQProducer.csproj", "{AE379ED2-4A64-41B7-A2AD-33A6A1C53B94}"
EndProject
Global
	GlobalSection(SolutionConfigurationPlatforms) = preSolution
		Debug|Any CPU = Debug|Any CPU
		Release|Any CPU = Release|Any CPU
	EndGlobalSection
	GlobalSection(ProjectConfigurationPlatforms) = postSolution
		{AE379ED2-4A64-41B7-A2AD-33A6A1C53B94}.Debug|Any CPU.ActiveCfg = Debug|Any CPU
		{AE379ED2-4A64-41B7-A2AD-33A6A1C53B94}.Debug|Any CPU.Build.0 = Debug|Any CPU
		{AE379ED2-4A64-41B7-A2AD-33A6A1C53B94}.Release|Any CPU.ActiveCfg = Release|Any CPU
		{AE379ED2-4A64-41B7-A2AD-33A6A1C53B94}.Release|Any CPU.Build.0 = Release|Any CPU
	EndGlobalSection
EndGlobal
